
Microsoft Visual Studio Solution File, Format Version 12.00
# Visual Studio 15
VisualStudioVersion = 15.0.28010.2048
MinimumVisualStudioVersion = 10.0.40219.1
Project("{FAE04EC0-301F-11D3-BF4B-00C04F79EFBC}") = "MyFirstApp", "MyFirstApp\MyFirstApp.csproj", "{8C2438FE-56B0-42A9-9F32-4207916A03CE}"
EndProject
Project("{FAE04EC0-301F-11D3-BF4B-00C04F79EFBC}") = "Exercise1", "Exercise1\Exercise1.csproj", "{8B37DCA0-8C00-4C8E-B174-1EADD981BB68}"
EndProject
Global
	GlobalSection(SolutionConfigurationPlatforms) = preSolution
		Debug|Any CPU = Debug|Any CPU
		Release|Any CPU = Release|Any CPU
	EndGlobalSection
	GlobalSection(ProjectConfigurationPlatforms) = postSolution
		{8C2438FE-56B0-42A9-9F32-4207916A03CE}.Debug|Any CPU.ActiveCfg = Debug|Any CPU
		{8C2438FE-56B0-42A9-9F32-4207916A03CE}.Debug|Any CPU.Build.0 = Debug|Any CPU
		{8C2438FE-56B0-42A9-9F32-4207916A03CE}.Release|Any CPU.ActiveCfg = Release|Any CPU
		{8C2438FE-56B0-42A9-9F32-4207916A03CE}.Release|Any CPU.Build.0 = Release|Any CPU
		{8B37DCA0-8C00-4C8E-B174-1EADD981BB68}.Debug|Any CPU.ActiveCfg = Debug|Any CPU
		{8B37DCA0-8C00-4C8E-B174-1EADD981BB68}.Debug|Any CPU.Build.0 = Debug|Any CPU
		{8B37DCA0-8C00-4C8E-B174-1EADD981BB68}.Release|Any CPU.ActiveCfg = Release|Any CPU
		{8B37DCA0-8C00-4C8E-B174-1EADD981BB68}.Release|Any CPU.Build.0 = Release|Any CPU
	EndGlobalSection
	GlobalSection(SolutionProperties) = preSolution
		HideSolutionNode = FALSE
	EndGlobalSection
	GlobalSection(ExtensibilityGlobals) = postSolution
		SolutionGuid = {41BF589A-1171-4AC0-BD44-A2F253C35063}
	EndGlobalSection
EndGlobal
